
Microsoft Visual Studio Solution File, Format Version 12.00
# Visual Studio 15
VisualStudioVersion = 15.0.28307.2092
MinimumVisualStudioVersion = 10.0.40219.1
Project("{8BC9CEB8-8B4A-11D0-8D11-00A0C91BC942}") = "Mkr1_4", "Mkr1_4\Mkr1_4.vcxproj", "{606BBA6D-69D1-446B-A11E-A5CFBC8F2892}"
EndProject
Global
	GlobalSection(SolutionConfigurationPlatforms) = preSolution
		Debug|x64 = Debug|x64
		Debug|x86 = Debug|x86
		Release|x64 = Release|x64
		Release|x86 = Release|x86
	EndGlobalSection
	GlobalSection(ProjectConfigurationPlatforms) = postSolution
		{606BBA6D-69D1-446B-A11E-A5CFBC8F2892}.Debug|x64.ActiveCfg = Debug|x64
		{606BBA6D-69D1-446B-A11E-A5CFBC8F2892}.Debug|x64.Build.0 = Debug|x64
		{606BBA6D-69D1-446B-A11E-A5CFBC8F2892}.Debug|x86.ActiveCfg = Debug|Win32
		{606BBA6D-69D1-446B-A11E-A5CFBC8F2892}.Debug|x86.Build.0 = Debug|Win32
		{606BBA6D-69D1-446B-A11E-A5CFBC8F2892}.Release|x64.ActiveCfg = Release|x64
		{606BBA6D-69D1-446B-A11E-A5CFBC8F2892}.Release|x64.Build.0 = Release|x64
		{606BBA6D-69D1-446B-A11E-A5CFBC8F2892}.Release|x86.ActiveCfg = Release|Win32
		{606BBA6D-69D1-446B-A11E-A5CFBC8F2892}.Release|x86.Build.0 = Release|Win32
	EndGlobalSection
	GlobalSection(SolutionProperties) = preSolution
		HideSolutionNode = FALSE
	EndGlobalSection
	GlobalSection(ExtensibilityGlobals) = postSolution
		SolutionGuid = {234E3D93-1D8A-4CB7-AB25-0663F73CE2AA}
	EndGlobalSection
EndGlobal
